// !$*UTF8*$!
{
	archiveVersion = 1;
	classes = {
	};
	objectVersion = 55;
	objects = {

/* Begin PBXBuildFile section */
		EE952CAC27B1495F00CBFD32 /* MenuController.swift in Sources */ = {isa = PBXBuildFile; fileRef = EE952CAB27B1495F00CBFD32 /* MenuController.swift */; };
		EEA846EF27A66E9A00F63B3A /* AppDelegate.swift in Sources */ = {isa = PBXBuildFile; fileRef = EEA846EE27A66E9A00F63B3A /* AppDelegate.swift */; };
		EEA846F127A66E9A00F63B3A /* SceneDelegate.swift in Sources */ = {isa = PBXBuildFile; fileRef = EEA846F027A66E9A00F63B3A /* SceneDelegate.swift */; };
		EEA846F627A66E9A00F63B3A /* Main.storyboard in Resources */ = {isa = PBXBuildFile; fileRef = EEA846F427A66E9A00F63B3A /* Main.storyboard */; };
		EEA846F827A66E9C00F63B3A /* Assets.xcassets in Resources */ = {isa = PBXBuildFile; fileRef = EEA846F727A66E9C00F63B3A /* Assets.xcassets */; };
		EEA846FB27A66E9C00F63B3A /* LaunchScreen.storyboard in Resources */ = {isa = PBXBuildFile; fileRef = EEA846F927A66E9C00F63B3A /* LaunchScreen.storyboard */; };
		EEBD95A227AB28B7009607A6 /* CategoryTableViewController.swift in Sources */ = {isa = PBXBuildFile; fileRef = EEBD95A127AB28B7009607A6 /* CategoryTableViewController.swift */; };
		EEBD95A427AB28C7009607A6 /* MenuTableViewController.swift in Sources */ = {isa = PBXBuildFile; fileRef = EEBD95A327AB28C7009607A6 /* MenuTableViewController.swift */; };
		EEBD95A627AB28D1009607A6 /* OrderTableViewController.swift in Sources */ = {isa = PBXBuildFile; fileRef = EEBD95A527AB28D1009607A6 /* OrderTableViewController.swift */; };
		EEBD95A827AB2B11009607A6 /* MenuItemDetailViewController.swift in Sources */ = {isa = PBXBuildFile; fileRef = EEBD95A727AB2B11009607A6 /* MenuItemDetailViewController.swift */; };
		EEBD95AA27AB2BFE009607A6 /* MenuItem.swift in Sources */ = {isa = PBXBuildFile; fileRef = EEBD95A927AB2BFE009607A6 /* MenuItem.swift */; };
		EEBD95AC27AB2D8E009607A6 /* ResponseModels.swift in Sources */ = {isa = PBXBuildFile; fileRef = EEBD95AB27AB2D8E009607A6 /* ResponseModels.swift */; };
/* End PBXBuildFile section */

/* Begin PBXFileReference section */
		EE952CAB27B1495F00CBFD32 /* MenuController.swift */ = {isa = PBXFileReference; lastKnownFileType = sourcecode.swift; path = MenuController.swift; sourceTree = "<group>"; };
		EEA846EB27A66E9A00F63B3A /* OrderApp.app */ = {isa = PBXFileReference; explicitFileType = wrapper.application; includeInIndex = 0; path = OrderApp.app; sourceTree = BUILT_PRODUCTS_DIR; };
		EEA846EE27A66E9A00F63B3A /* AppDelegate.swift */ = {isa = PBXFileReference; lastKnownFileType = sourcecode.swift; path = AppDelegate.swift; sourceTree = "<group>"; };
		EEA846F027A66E9A00F63B3A /* SceneDelegate.swift */ = {isa = PBXFileReference; lastKnownFileType = sourcecode.swift; path = SceneDelegate.swift; sourceTree = "<group>"; };
		EEA846F527A66E9A00F63B3A /* Base */ = {isa = PBXFileReference; lastKnownFileType = file.storyboard; name = Base; path = Base.lproj/Main.storyboard; sourceTree = "<group>"; };
		EEA846F727A66E9C00F63B3A /* Assets.xcassets */ = {isa = PBXFileReference; lastKnownFileType = folder.assetcatalog; path = Assets.xcassets; sourceTree = "<group>"; };
		EEA846FA27A66E9C00F63B3A /* Base */ = {isa = PBXFileReference; lastKnownFileType = file.storyboard; name = Base; path = Base.lproj/LaunchScreen.storyboard; sourceTree = "<group>"; };
		EEA846FC27A66E9C00F63B3A /* Info.plist */ = {isa = PBXFileReference; lastKnownFileType = text.plist.xml; path = Info.plist; sourceTree = "<group>"; };
		EEBD95A127AB28B7009607A6 /* CategoryTableViewController.swift */ = {isa = PBXFileReference; lastKnownFileType = sourcecode.swift; path = CategoryTableViewController.swift; sourceTree = "<group>"; };
		EEBD95A327AB28C7009607A6 /* MenuTableViewController.swift */ = {isa = PBXFileReference; lastKnownFileType = sourcecode.swift; path = MenuTableViewController.swift; sourceTree = "<group>"; };
		EEBD95A527AB28D1009607A6 /* OrderTableViewController.swift */ = {isa = PBXFileReference; lastKnownFileType = sourcecode.swift; path = OrderTableViewController.swift; sourceTree = "<group>"; };
		EEBD95A727AB2B11009607A6 /* MenuItemDetailViewController.swift */ = {isa = PBXFileReference; lastKnownFileType = sourcecode.swift; path = MenuItemDetailViewController.swift; sourceTree = "<group>"; };
		EEBD95A927AB2BFE009607A6 /* MenuItem.swift */ = {isa = PBXFileReference; lastKnownFileType = sourcecode.swift; path = MenuItem.swift; sourceTree = "<group>"; };
		EEBD95AB27AB2D8E009607A6 /* ResponseModels.swift */ = {isa = PBXFileReference; lastKnownFileType = sourcecode.swift; path = ResponseModels.swift; sourceTree = "<group>"; };
/* End PBXFileReference section */

/* Begin PBXFrameworksBuildPhase section */
		EEA846E827A66E9A00F63B3A /* Frameworks */ = {
			isa = PBXFrameworksBuildPhase;
			buildActionMask = 2147483647;
			files = (
			);
			runOnlyForDeploymentPostprocessing = 0;
		};
/* End PBXFrameworksBuildPhase section */

/* Begin PBXGroup section */
		EEA846E227A66E9A00F63B3A = {
			isa = PBXGroup;
			children = (
				EEA846ED27A66E9A00F63B3A /* OrderApp */,
				EEA846EC27A66E9A00F63B3A /* Products */,
			);
			sourceTree = "<group>";
		};
		EEA846EC27A66E9A00F63B3A /* Products */ = {
			isa = PBXGroup;
			children = (
				EEA846EB27A66E9A00F63B3A /* OrderApp.app */,
			);
			name = Products;
			sourceTree = "<group>";
		};
		EEA846ED27A66E9A00F63B3A /* OrderApp */ = {
			isa = PBXGroup;
			children = (
				EE952CAB27B1495F00CBFD32 /* MenuController.swift */,
				EEA846EE27A66E9A00F63B3A /* AppDelegate.swift */,
				EEA846F027A66E9A00F63B3A /* SceneDelegate.swift */,
				EEA846F427A66E9A00F63B3A /* Main.storyboard */,
				EEBD95A927AB2BFE009607A6 /* MenuItem.swift */,
				EEBD95AB27AB2D8E009607A6 /* ResponseModels.swift */,
				EEBD95A727AB2B11009607A6 /* MenuItemDetailViewController.swift */,
				EEBD95A127AB28B7009607A6 /* CategoryTableViewController.swift */,
				EEBD95A327AB28C7009607A6 /* MenuTableViewController.swift */,
				EEBD95A527AB28D1009607A6 /* OrderTableViewController.swift */,
				EEA846F727A66E9C00F63B3A /* Assets.xcassets */,
				EEA846F927A66E9C00F63B3A /* LaunchScreen.storyboard */,
				EEA846FC27A66E9C00F63B3A /* Info.plist */,
			);
			path = OrderApp;
			sourceTree = "<group>";
		};
/* End PBXGroup section */

/* Begin PBXNativeTarget section */
		EEA846EA27A66E9A00F63B3A /* OrderApp */ = {
			isa = PBXNativeTarget;
			buildConfigurationList = EEA846FF27A66E9C00F63B3A /* Build configuration list for PBXNativeTarget "OrderApp" */;
			buildPhases = (
				EEA846E727A66E9A00F63B3A /* Sources */,
				EEA846E827A66E9A00F63B3A /* Frameworks */,
				EEA846E927A66E9A00F63B3A /* Resources */,
			);
			buildRules = (
			);
			dependencies = (
			);
			name = OrderApp;
			productName = OrderApp;
			productReference = EEA846EB27A66E9A00F63B3A /* OrderApp.app */;
			productType = "com.apple.product-type.application";
		};
/* End PBXNativeTarget section */

/* Begin PBXProject section */
		EEA846E327A66E9A00F63B3A /* Project object */ = {
			isa = PBXProject;
			attributes = {
				BuildIndependentTargetsInParallel = 1;
				LastSwiftUpdateCheck = 1320;
				LastUpgradeCheck = 1320;
				TargetAttributes = {
					EEA846EA27A66E9A00F63B3A = {
						CreatedOnToolsVersion = 13.2.1;
					};
				};
			};
			buildConfigurationList = EEA846E627A66E9A00F63B3A /* Build configuration list for PBXProject "OrderApp" */;
			compatibilityVersion = "Xcode 13.0";
			developmentRegion = en;
			hasScannedForEncodings = 0;
			knownRegions = (
				en,
				Base,
			);
			mainGroup = EEA846E227A66E9A00F63B3A;
			productRefGroup = EEA846EC27A66E9A00F63B3A /* Products */;
			projectDirPath = "";
			projectRoot = "";
			targets = (
				EEA846EA27A66E9A00F63B3A /* OrderApp */,
			);
		};
/* End PBXProject section */

/* Begin PBXResourcesBuildPhase section */
		EEA846E927A66E9A00F63B3A /* Resources */ = {
			isa = PBXResourcesBuildPhase;
			buildActionMask = 2147483647;
			files = (
				EEA846FB27A66E9C00F63B3A /* LaunchScreen.storyboard in Resources */,
				EEA846F827A66E9C00F63B3A /* Assets.xcassets in Resources */,
				EEA846F627A66E9A00F63B3A /* Main.storyboard in Resources */,
			);
			runOnlyForDeploymentPostprocessing = 0;
		};
/* End PBXResourcesBuildPhase section */

/* Begin PBXSourcesBuildPhase section */
		EEA846E727A66E9A00F63B3A /* Sources */ = {
			isa = PBXSourcesBuildPhase;
			buildActionMask = 2147483647;
			files = (
				EEBD95AA27AB2BFE009607A6 /* MenuItem.swift in Sources */,
				EE952CAC27B1495F00CBFD32 /* MenuController.swift in Sources */,
				EEBD95A427AB28C7009607A6 /* MenuTableViewController.swift in Sources */,
				EEBD95AC27AB2D8E009607A6 /* ResponseModels.swift in Sources */,
				EEBD95A827AB2B11009607A6 /* MenuItemDetailViewController.swift in Sources */,
				EEBD95A627AB28D1009607A6 /* OrderTableViewController.swift in Sources */,
				EEA846EF27A66E9A00F63B3A /* AppDelegate.swift in Sources */,
				EEA846F127A66E9A00F63B3A /* SceneDelegate.swift in Sources */,
				EEBD95A227AB28B7009607A6 /* CategoryTableViewController.swift in Sources */,
			);
			runOnlyForDeploymentPostprocessing = 0;
		};
/* End PBXSourcesBuildPhase section */

/* Begin PBXVariantGroup section */
		EEA846F427A66E9A00F63B3A /* Main.storyboard */ = {
			isa = PBXVariantGroup;
			children = (
				EEA846F527A66E9A00F63B3A /* Base */,
			);
			name = Main.storyboard;
			sourceTree = "<group>";
		};
		EEA846F927A66E9C00F63B3A /* LaunchScreen.storyboard */ = {
			isa = PBXVariantGroup;
			children = (
				EEA846FA27A66E9C00F63B3A /* Base */,
			);
			name = LaunchScreen.storyboard;
			sourceTree = "<group>";
		};
/* End PBXVariantGroup section */

/* Begin XCBuildConfiguration section */
		EEA846FD27A66E9C00F63B3A /* Debug */ = {
			isa = XCBuildConfiguration;
			buildSettings = {
				ALWAYS_SEARCH_USER_PATHS = NO;
				CLANG_ANALYZER_NONNULL = YES;
				CLANG_ANALYZER_NUMBER_OBJECT_CONVERSION = YES_AGGRESSIVE;
				CLANG_CXX_LANGUAGE_STANDARD = "gnu++17";
				CLANG_CXX_LIBRARY = "libc++";
				CLANG_ENABLE_MODULES = YES;
				CLANG_ENABLE_OBJC_ARC = YES;
				CLANG_ENABLE_OBJC_WEAK = YES;
				CLANG_WARN_BLOCK_CAPTURE_AUTORELEASING = YES;
				CLANG_WARN_BOOL_CONVERSION = YES;
				CLANG_WARN_COMMA = YES;
				CLANG_WARN_CONSTANT_CONVERSION = YES;
				CLANG_WARN_DEPRECATED_OBJC_IMPLEMENTATIONS = YES;
				CLANG_WARN_DIRECT_OBJC_ISA_USAGE = YES_ERROR;
				CLANG_WARN_DOCUMENTATION_COMMENTS = YES;
				CLANG_WARN_EMPTY_BODY = YES;
				CLANG_WARN_ENUM_CONVERSION = YES;
				CLANG_WARN_INFINITE_RECURSION = YES;
				CLANG_WARN_INT_CONVERSION = YES;
				CLANG_WARN_NON_LITERAL_NULL_CONVERSION = YES;
				CLANG_WARN_OBJC_IMPLICIT_RETAIN_SELF = YES;
				CLANG_WARN_OBJC_LITERAL_CONVERSION = YES;
				CLANG_WARN_OBJC_ROOT_CLASS = YES_ERROR;
				CLANG_WARN_QUOTED_INCLUDE_IN_FRAMEWORK_HEADER = YES;
				CLANG_WARN_RANGE_LOOP_ANALYSIS = YES;
				CLANG_WARN_STRICT_PROTOTYPES = YES;
				CLANG_WARN_SUSPICIOUS_MOVE = YES;
				CLANG_WARN_UNGUARDED_AVAILABILITY = YES_AGGRESSIVE;
				CLANG_WARN_UNREACHABLE_CODE = YES;
				CLANG_WARN__DUPLICATE_METHOD_MATCH = YES;
				COPY_PHASE_STRIP = NO;
				DEBUG_INFORMATION_FORMAT = dwarf;
				ENABLE_STRICT_OBJC_MSGSEND = YES;
				ENABLE_TESTABILITY = YES;
				GCC_C_LANGUAGE_STANDARD = gnu11;
				GCC_DYNAMIC_NO_PIC = NO;
				GCC_NO_COMMON_BLOCKS = YES;
				GCC_OPTIMIZATION_LEVEL = 0;
				GCC_PREPROCESSOR_DEFINITIONS = (
					"DEBUG=1",
					"$(inherited)",
				);
				GCC_WARN_64_TO_32_BIT_CONVERSION = YES;
				GCC_WARN_ABOUT_RETURN_TYPE = YES_ERROR;
				GCC_WARN_UNDECLARED_SELECTOR = YES;
				GCC_WARN_UNINITIALIZED_AUTOS = YES_AGGRESSIVE;
				GCC_WARN_UNUSED_FUNCTION = YES;
				GCC_WARN_UNUSED_VARIABLE = YES;
				IPHONEOS_DEPLOYMENT_TARGET = 15.2;
				MTL_ENABLE_DEBUG_INFO = INCLUDE_SOURCE;
				MTL_FAST_MATH = YES;
				ONLY_ACTIVE_ARCH = YES;
				SDKROOT = iphoneos;
				SWIFT_ACTIVE_COMPILATION_CONDITIONS = DEBUG;
				SWIFT_OPTIMIZATION_LEVEL = "-Onone";
			};
			name = Debug;
		};
		EEA846FE27A66E9C00F63B3A /* Release */ = {
			isa = XCBuildConfiguration;
			buildSettings = {
				ALWAYS_SEARCH_USER_PATHS = NO;
				CLANG_ANALYZER_NONNULL = YES;
				CLANG_ANALYZER_NUMBER_OBJECT_CONVERSION = YES_AGGRESSIVE;
				CLANG_CXX_LANGUAGE_STANDARD = "gnu++17";
				CLANG_CXX_LIBRARY = "libc++";
				CLANG_ENABLE_MODULES = YES;
				CLANG_ENABLE_OBJC_ARC = YES;
				CLANG_ENABLE_OBJC_WEAK = YES;
				CLANG_WARN_BLOCK_CAPTURE_AUTORELEASING = YES;
				CLANG_WARN_BOOL_CONVERSION = YES;
				CLANG_WARN_COMMA = YES;
				CLANG_WARN_CONSTANT_CONVERSION = YES;
				CLANG_WARN_DEPRECATED_OBJC_IMPLEMENTATIONS = YES;
				CLANG_WARN_DIRECT_OBJC_ISA_USAGE = YES_ERROR;
				CLANG_WARN_DOCUMENTATION_COMMENTS = YES;
				CLANG_WARN_EMPTY_BODY = YES;
				CLANG_WARN_ENUM_CONVERSION = YES;
				CLANG_WARN_INFINITE_RECURSION = YES;
				CLANG_WARN_INT_CONVERSION = YES;
				CLANG_WARN_NON_LITERAL_NULL_CONVERSION = YES;
				CLANG_WARN_OBJC_IMPLICIT_RETAIN_SELF = YES;
				CLANG_WARN_OBJC_LITERAL_CONVERSION = YES;
				CLANG_WARN_OBJC_ROOT_CLASS = YES_ERROR;
				CLANG_WARN_QUOTED_INCLUDE_IN_FRAMEWORK_HEADER = YES;
				CLANG_WARN_RANGE_LOOP_ANALYSIS = YES;
				CLANG_WARN_STRICT_PROTOTYPES = YES;
				CLANG_WARN_SUSPICIOUS_MOVE = YES;
				CLANG_WARN_UNGUARDED_AVAILABILITY = YES_AGGRESSIVE;
				CLANG_WARN_UNREACHABLE_CODE = YES;
				CLANG_WARN__DUPLICATE_METHOD_MATCH = YES;
				COPY_PHASE_STRIP = NO;
				DEBUG_INFORMATION_FORMAT = "dwarf-with-dsym";
				ENABLE_NS_ASSERTIONS = NO;
				ENABLE_STRICT_OBJC_MSGSEND = YES;
				GCC_C_LANGUAGE_STANDARD = gnu11;
				GCC_NO_COMMON_BLOCKS = YES;
				GCC_WARN_64_TO_32_BIT_CONVERSION = YES;
				GCC_WARN_ABOUT_RETURN_TYPE = YES_ERROR;
				GCC_WARN_UNDECLARED_SELECTOR = YES;
				GCC_WARN_UNINITIALIZED_AUTOS = YES_AGGRESSIVE;
				GCC_WARN_UNUSED_FUNCTION = YES;
				GCC_WARN_UNUSED_VARIABLE = YES;
				IPHONEOS_DEPLOYMENT_TARGET = 15.2;
				MTL_ENABLE_DEBUG_INFO = NO;
				MTL_FAST_MATH = YES;
				SDKROOT = iphoneos;
				SWIFT_COMPILATION_MODE = wholemodule;
				SWIFT_OPTIMIZATION_LEVEL = "-O";
				VALIDATE_PRODUCT = YES;
			};
			name = Release;
		};
		EEA8470027A66E9C00F63B3A /* Debug */ = {
			isa = XCBuildConfiguration;
			buildSettings = {
				ASSETCATALOG_COMPILER_APPICON_NAME = AppIcon;
				ASSETCATALOG_COMPILER_GLOBAL_ACCENT_COLOR_NAME = AccentColor;
				CODE_SIGN_STYLE = Automatic;
				CURRENT_PROJECT_VERSION = 1;
				GENERATE_INFOPLIST_FILE = YES;
				INFOPLIST_FILE = OrderApp/Info.plist;
				INFOPLIST_KEY_UIApplicationSupportsIndirectInputEvents = YES;
				INFOPLIST_KEY_UILaunchStoryboardName = LaunchScreen;
				INFOPLIST_KEY_UIMainStoryboardFile = Main;
				INFOPLIST_KEY_UISupportedInterfaceOrientations_iPad = "UIInterfaceOrientationPortrait UIInterfaceOrientationPortraitUpsideDown UIInterfaceOrientationLandscapeLeft UIInterfaceOrientationLandscapeRight";
				INFOPLIST_KEY_UISupportedInterfaceOrientations_iPhone = "UIInterfaceOrientationPortrait UIInterfaceOrientationLandscapeLeft UIInterfaceOrientationLandscapeRight";
				LD_RUNPATH_SEARCH_PATHS = (
					"$(inherited)",
					"@executable_path/Frameworks",
				);
				MARKETING_VERSION = 1.0;
				PRODUCT_BUNDLE_IDENTIFIER = ActiveGames.OrderApp;
				PRODUCT_NAME = "$(TARGET_NAME)";
				SWIFT_EMIT_LOC_STRINGS = YES;
				SWIFT_VERSION = 5.0;
				TARGETED_DEVICE_FAMILY = "1,2";
			};
			name = Debug;
		};
		EEA8470127A66E9C00F63B3A /* Release */ = {
			isa = XCBuildConfiguration;
			buildSettings = {
				ASSETCATALOG_COMPILER_APPICON_NAME = AppIcon;
				ASSETCATALOG_COMPILER_GLOBAL_ACCENT_COLOR_NAME = AccentColor;
				CODE_SIGN_STYLE = Automatic;
				CURRENT_PROJECT_VERSION = 1;
				GENERATE_INFOPLIST_FILE = YES;
				INFOPLIST_FILE = OrderApp/Info.plist;
				INFOPLIST_KEY_UIApplicationSupportsIndirectInputEvents = YES;
				INFOPLIST_KEY_UILaunchStoryboardName = LaunchScreen;
				INFOPLIST_KEY_UIMainStoryboardFile = Main;
				INFOPLIST_KEY_UISupportedInterfaceOrientations_iPad = "UIInterfaceOrientationPortrait UIInterfaceOrientationPortraitUpsideDown UIInterfaceOrientationLandscapeLeft UIInterfaceOrientationLandscapeRight";
				INFOPLIST_KEY_UISupportedInterfaceOrientations_iPhone = "UIInterfaceOrientationPortrait UIInterfaceOrientationLandscapeLeft UIInterfaceOrientationLandscapeRight";
				LD_RUNPATH_SEARCH_PATHS = (
					"$(inherited)",
					"@executable_path/Frameworks",
				);
				MARKETING_VERSION = 1.0;
				PRODUCT_BUNDLE_IDENTIFIER = ActiveGames.OrderApp;
				PRODUCT_NAME = "$(TARGET_NAME)";
				SWIFT_EMIT_LOC_STRINGS = YES;
				SWIFT_VERSION = 5.0;
				TARGETED_DEVICE_FAMILY = "1,2";
			};
			name = Release;
		};
/* End XCBuildConfiguration section */

/* Begin XCConfigurationList section */
		EEA846E627A66E9A00F63B3A /* Build configuration list for PBXProject "OrderApp" */ = {
			isa = XCConfigurationList;
			buildConfigurations = (
				EEA846FD27A66E9C00F63B3A /* Debug */,
				EEA846FE27A66E9C00F63B3A /* Release */,
			);
			defaultConfigurationIsVisible = 0;
			defaultConfigurationName = Release;
		};
		EEA846FF27A66E9C00F63B3A /* Build configuration list for PBXNativeTarget "OrderApp" */ = {
			isa = XCConfigurationList;
			buildConfigurations = (
				EEA8470027A66E9C00F63B3A /* Debug */,
				EEA8470127A66E9C00F63B3A /* Release */,
			);
			defaultConfigurationIsVisible = 0;
			defaultConfigurationName = Release;
		};
/* End XCConfigurationList section */
	};
	rootObject = EEA846E327A66E9A00F63B3A /* Project object */;
}
